
Microsoft Visual Studio Solution File, Format Version 12.00
# Visual Studio Version 16
VisualStudioVersion = 16.0.810.16
MinimumVisualStudioVersion = 10.0.40219.1
Project("{9A19103F-16F7-4668-BE54-9A1E7A4F7556}") = "ABERuntime", "ABERuntime\ABERuntime.csproj", "{6C9872CF-2F64-417D-AEB5-5D07989822EF}"
EndProject
Project("{9A19103F-16F7-4668-BE54-9A1E7A4F7556}") = "ABEditor", "ABEditor\ABEditor.csproj", "{39AD5D73-918D-4866-A84B-3FDBA1447E74}"
EndProject
Project("{FAE04EC0-301F-11D3-BF4B-00C04F79EFBC}") = "ABEAudio", "ABEAudio\ABEAudio.csproj", "{B44B202C-83F0-4A2F-8FD8-78CCA96285BF}"
EndProject
Project("{FAE04EC0-301F-11D3-BF4B-00C04F79EFBC}") = "ABEUI", "ABEUI\ABEUI.csproj", "{72E15428-8ECA-4401-AF2B-735939D66389}"
EndProject
Project("{FAE04EC0-301F-11D3-BF4B-00C04F79EFBC}") = "Box2D.NetStandard", "Box2D\Box2D.NetStandard.csproj", "{F61993E0-EF59-4DA5-A02B-6BDEDD6A26E1}"
EndProject
Project("{2150E333-8FDC-42A3-9474-1A3956D46DE8}") = "veldrid", "veldrid", "{5FD7C3CB-83EA-4D93-9534-5DD9618E3DF8}"
EndProject
Project("{FAE04EC0-301F-11D3-BF4B-00C04F79EFBC}") = "Veldrid", "..\veldrid\src\Veldrid\Veldrid.csproj", "{6967C902-7E82-41A0-B0BD-B2497EA55BFD}"
EndProject
Project("{FAE04EC0-301F-11D3-BF4B-00C04F79EFBC}") = "Veldrid.ImageSharp", "..\veldrid\src\Veldrid.ImageSharp\Veldrid.ImageSharp.csproj", "{C7674B58-7729-4FFA-84D5-DBB576C2DC31}"
EndProject
Project("{FAE04EC0-301F-11D3-BF4B-00C04F79EFBC}") = "Veldrid.ImGui", "..\veldrid\src\Veldrid.ImGui\Veldrid.ImGui.csproj", "{D0AB8A9C-CC0E-4DC9-979C-3116C396B996}"
EndProject
Project("{FAE04EC0-301F-11D3-BF4B-00C04F79EFBC}") = "Veldrid.SDL2", "..\veldrid\src\Veldrid.SDL2\Veldrid.SDL2.csproj", "{C07303F4-057C-4770-A120-091225F18EDE}"
EndProject
Project("{FAE04EC0-301F-11D3-BF4B-00C04F79EFBC}") = "Veldrid.StartupUtilities", "..\veldrid\src\Veldrid.StartupUtilities\Veldrid.StartupUtilities.csproj", "{23D8B7E2-673C-4A54-B56D-238CB68DB682}"
EndProject
Global
	GlobalSection(SolutionConfigurationPlatforms) = preSolution
		Debug|Any CPU = Debug|Any CPU
		Release|Any CPU = Release|Any CPU
	EndGlobalSection
	GlobalSection(ProjectConfigurationPlatforms) = postSolution
		{6C9872CF-2F64-417D-AEB5-5D07989822EF}.Debug|Any CPU.ActiveCfg = Debug|Any CPU
		{6C9872CF-2F64-417D-AEB5-5D07989822EF}.Debug|Any CPU.Build.0 = Debug|Any CPU
		{6C9872CF-2F64-417D-AEB5-5D07989822EF}.Release|Any CPU.ActiveCfg = Release|Any CPU
		{6C9872CF-2F64-417D-AEB5-5D07989822EF}.Release|Any CPU.Build.0 = Release|Any CPU
		{39AD5D73-918D-4866-A84B-3FDBA1447E74}.Debug|Any CPU.ActiveCfg = Debug|Any CPU
		{39AD5D73-918D-4866-A84B-3FDBA1447E74}.Debug|Any CPU.Build.0 = Debug|Any CPU
		{39AD5D73-918D-4866-A84B-3FDBA1447E74}.Release|Any CPU.ActiveCfg = Release|Any CPU
		{39AD5D73-918D-4866-A84B-3FDBA1447E74}.Release|Any CPU.Build.0 = Release|Any CPU
		{B44B202C-83F0-4A2F-8FD8-78CCA96285BF}.Debug|Any CPU.ActiveCfg = Debug|Any CPU
		{B44B202C-83F0-4A2F-8FD8-78CCA96285BF}.Debug|Any CPU.Build.0 = Debug|Any CPU
		{B44B202C-83F0-4A2F-8FD8-78CCA96285BF}.Release|Any CPU.ActiveCfg = Release|Any CPU
		{B44B202C-83F0-4A2F-8FD8-78CCA96285BF}.Release|Any CPU.Build.0 = Release|Any CPU
		{72E15428-8ECA-4401-AF2B-735939D66389}.Debug|Any CPU.ActiveCfg = Debug|Any CPU
		{72E15428-8ECA-4401-AF2B-735939D66389}.Debug|Any CPU.Build.0 = Debug|Any CPU
		{72E15428-8ECA-4401-AF2B-735939D66389}.Release|Any CPU.ActiveCfg = Release|Any CPU
		{72E15428-8ECA-4401-AF2B-735939D66389}.Release|Any CPU.Build.0 = Release|Any CPU
		{F61993E0-EF59-4DA5-A02B-6BDEDD6A26E1}.Debug|Any CPU.ActiveCfg = Debug|Any CPU
		{F61993E0-EF59-4DA5-A02B-6BDEDD6A26E1}.Debug|Any CPU.Build.0 = Debug|Any CPU
		{F61993E0-EF59-4DA5-A02B-6BDEDD6A26E1}.Release|Any CPU.ActiveCfg = Release|Any CPU
		{F61993E0-EF59-4DA5-A02B-6BDEDD6A26E1}.Release|Any CPU.Build.0 = Release|Any CPU
		{6967C902-7E82-41A0-B0BD-B2497EA55BFD}.Debug|Any CPU.ActiveCfg = Debug|Any CPU
		{6967C902-7E82-41A0-B0BD-B2497EA55BFD}.Debug|Any CPU.Build.0 = Debug|Any CPU
		{6967C902-7E82-41A0-B0BD-B2497EA55BFD}.Release|Any CPU.ActiveCfg = Release|Any CPU
		{6967C902-7E82-41A0-B0BD-B2497EA55BFD}.Release|Any CPU.Build.0 = Release|Any CPU
		{C7674B58-7729-4FFA-84D5-DBB576C2DC31}.Debug|Any CPU.ActiveCfg = Debug|Any CPU
		{C7674B58-7729-4FFA-84D5-DBB576C2DC31}.Debug|Any CPU.Build.0 = Debug|Any CPU
		{C7674B58-7729-4FFA-84D5-DBB576C2DC31}.Release|Any CPU.ActiveCfg = Release|Any CPU
		{C7674B58-7729-4FFA-84D5-DBB576C2DC31}.Release|Any CPU.Build.0 = Release|Any CPU
		{D0AB8A9C-CC0E-4DC9-979C-3116C396B996}.Debug|Any CPU.ActiveCfg = Debug|Any CPU
		{D0AB8A9C-CC0E-4DC9-979C-3116C396B996}.Debug|Any CPU.Build.0 = Debug|Any CPU
		{D0AB8A9C-CC0E-4DC9-979C-3116C396B996}.Release|Any CPU.ActiveCfg = Release|Any CPU
		{D0AB8A9C-CC0E-4DC9-979C-3116C396B996}.Release|Any CPU.Build.0 = Release|Any CPU
		{C07303F4-057C-4770-A120-091225F18EDE}.Debug|Any CPU.ActiveCfg = Debug|Any CPU
		{C07303F4-057C-4770-A120-091225F18EDE}.Debug|Any CPU.Build.0 = Debug|Any CPU
		{C07303F4-057C-4770-A120-091225F18EDE}.Release|Any CPU.ActiveCfg = Release|Any CPU
		{C07303F4-057C-4770-A120-091225F18EDE}.Release|Any CPU.Build.0 = Release|Any CPU
		{23D8B7E2-673C-4A54-B56D-238CB68DB682}.Debug|Any CPU.ActiveCfg = Debug|Any CPU
		{23D8B7E2-673C-4A54-B56D-238CB68DB682}.Debug|Any CPU.Build.0 = Debug|Any CPU
		{23D8B7E2-673C-4A54-B56D-238CB68DB682}.Release|Any CPU.ActiveCfg = Release|Any CPU
		{23D8B7E2-673C-4A54-B56D-238CB68DB682}.Release|Any CPU.Build.0 = Release|Any CPU
	EndGlobalSection
	GlobalSection(SolutionProperties) = preSolution
		HideSolutionNode = FALSE
	EndGlobalSection
	GlobalSection(ExtensibilityGlobals) = postSolution
		SolutionGuid = {6DF75023-D7BC-43A6-BEC9-A399B774D0F2}
	EndGlobalSection
	GlobalSection(MonoDevelopProperties) = preSolution
		Policies = $0
		$0.DotNetNamingPolicy = $1
		$1.DirectoryNamespaceAssociation = PrefixedHierarchical
	EndGlobalSection
	GlobalSection(NestedProjects) = preSolution
		{6967C902-7E82-41A0-B0BD-B2497EA55BFD} = {5FD7C3CB-83EA-4D93-9534-5DD9618E3DF8}
		{C7674B58-7729-4FFA-84D5-DBB576C2DC31} = {5FD7C3CB-83EA-4D93-9534-5DD9618E3DF8}
		{D0AB8A9C-CC0E-4DC9-979C-3116C396B996} = {5FD7C3CB-83EA-4D93-9534-5DD9618E3DF8}
		{C07303F4-057C-4770-A120-091225F18EDE} = {5FD7C3CB-83EA-4D93-9534-5DD9618E3DF8}
		{23D8B7E2-673C-4A54-B56D-238CB68DB682} = {5FD7C3CB-83EA-4D93-9534-5DD9618E3DF8}
	EndGlobalSection
EndGlobal
